
Microsoft Visual Studio Solution File, Format Version 12.00
# Visual Studio Version 17
VisualStudioVersion = 17.11.35327.3
MinimumVisualStudioVersion = 10.0.40219.1
Project("{2150E333-8FDC-42A3-9474-1A3956D46DE8}") = "Task0", "Task0", "{A76CB22A-28D3-4076-9B95-2338968B585B}"
EndProject
Project("{9A19103F-16F7-4668-BE54-9A1E7A4F7556}") = "Tyuiu.OgorodnikDV.Sprint6.Task0.V17.Lib", "Tyuiu.OgorodnikDV.Sprint6.Task0.V17.Lib\Tyuiu.OgorodnikDV.Sprint6.Task0.V17.Lib.csproj", "{1B5791F9-B110-4F82-8183-AF599B89A997}"
EndProject
Project("{9A19103F-16F7-4668-BE54-9A1E7A4F7556}") = "Tyuiu.OgorodnikDV.Sprint6.Task0.V17.Test", "Tyuiu.OgorodnikDV.Sprint6.Task0.V17.Test\Tyuiu.OgorodnikDV.Sprint6.Task0.V17.Test.csproj", "{4EEE243A-9661-4EC1-9522-106E1068B8CF}"
EndProject
Project("{9A19103F-16F7-4668-BE54-9A1E7A4F7556}") = "Tyuiu.OgorodnikDV.Sprint6.Task0.V17", "Tyuiu.OgorodnikDV.Sprint6.Task0.V17\Tyuiu.OgorodnikDV.Sprint6.Task0.V17.csproj", "{6C294CBF-96B0-40AB-903E-C883000346A9}"
EndProject
Project("{2150E333-8FDC-42A3-9474-1A3956D46DE8}") = "Task1", "Task1", "{17CAC13D-80D0-4144-9EDA-0126B97488FA}"
EndProject
Project("{9A19103F-16F7-4668-BE54-9A1E7A4F7556}") = "Tyuiu.OgorodnikDV.Sprint6.Task1.V8.Lib", "Tyuiu.OgorodnikDV.Sprint6.Task1.V8.Lib\Tyuiu.OgorodnikDV.Sprint6.Task1.V8.Lib.csproj", "{A3127868-8071-4B12-93E5-82C7E4D7CA6D}"
EndProject
Project("{9A19103F-16F7-4668-BE54-9A1E7A4F7556}") = "Tyuiu.OgorodnikDV.Sprint6.Task1.V8.Test", "Tyuiu.OgorodnikDV.Sprint6.Task1.V8.Test\Tyuiu.OgorodnikDV.Sprint6.Task1.V8.Test.csproj", "{65E8268B-B6A5-46BF-819D-BA68BD194AA0}"
EndProject
Project("{9A19103F-16F7-4668-BE54-9A1E7A4F7556}") = "Tyuiu.OgorodnikDV.Sprint6.Task1.V8", "Tyuiu.OgorodnikDV.Sprint6.Task1.V8\Tyuiu.OgorodnikDV.Sprint6.Task1.V8.csproj", "{5013AD81-FF1B-467B-9015-929C93B3BB8E}"
EndProject
Project("{2150E333-8FDC-42A3-9474-1A3956D46DE8}") = "Task2", "Task2", "{AD927D34-7417-4675-87CC-48BF363A6B1B}"
EndProject
Project("{9A19103F-16F7-4668-BE54-9A1E7A4F7556}") = "Tyuiu.OgorodnikDV.Sprint6.Task2.V10.Lib", "Tyuiu.OgorodnikDV.Sprint6.Task2.V10.Lib\Tyuiu.OgorodnikDV.Sprint6.Task2.V10.Lib.csproj", "{3FCF951F-E746-4A6A-B19A-28F4CF7A235E}"
EndProject
Project("{9A19103F-16F7-4668-BE54-9A1E7A4F7556}") = "Tyuiu.OgorodnikDV.Sprint6.Task2.V10.Test", "Tyuiu.OgorodnikDV.Sprint6.Task2.V10.Test\Tyuiu.OgorodnikDV.Sprint6.Task2.V10.Test.csproj", "{7D02CB59-859D-400F-A48F-D7174AC6477F}"
EndProject
Project("{9A19103F-16F7-4668-BE54-9A1E7A4F7556}") = "Tyuiu.OgorodnikDV.Sprint6.Task2.V10", "Tyuiu.OgorodnikDV.Sprint6.Task2.V10\Tyuiu.OgorodnikDV.Sprint6.Task2.V10.csproj", "{1C172DE8-BDB8-42B0-9158-10B5DF3C1699}"
EndProject
Project("{2150E333-8FDC-42A3-9474-1A3956D46DE8}") = "Task3", "Task3", "{4811E7DF-F1DA-459E-9639-81A9F2E85654}"
EndProject
Project("{9A19103F-16F7-4668-BE54-9A1E7A4F7556}") = "Tyuiu.OgorodnikDV.Sprint6.Task3.V3.Lib", "Tyuiu.OgorodnikDV.Sprint6.Task3.V3.Lib\Tyuiu.OgorodnikDV.Sprint6.Task3.V3.Lib.csproj", "{4E5DC54F-164A-4BFD-8099-24A4E8D0E0EF}"
EndProject
Project("{9A19103F-16F7-4668-BE54-9A1E7A4F7556}") = "Tyuiu.OgorodnikDV.Sprint6.Task3.V3.Test", "Tyuiu.OgorodnikDV.Sprint6.Task3.V3.Test\Tyuiu.OgorodnikDV.Sprint6.Task3.V3.Test.csproj", "{A92B16BE-B251-455D-A047-CDACF7336A90}"
EndProject
Project("{9A19103F-16F7-4668-BE54-9A1E7A4F7556}") = "Tyuiu.OgorodnikDV.Sprint6.Task3.V3", "Tyuiu.OgorodnikDV.Sprint6.Task3.V3\Tyuiu.OgorodnikDV.Sprint6.Task3.V3.csproj", "{31DDD043-F021-446B-96D9-3B20116AF156}"
EndProject
Project("{2150E333-8FDC-42A3-9474-1A3956D46DE8}") = "Task4", "Task4", "{3D44C98D-0B9A-415E-8493-802052DAE2A2}"
EndProject
Project("{9A19103F-16F7-4668-BE54-9A1E7A4F7556}") = "Tyuiu.OgorodnikDV.Sprint6.Task4.V5.Lib", "Tyuiu.OgorodnikDV.Sprint6.Task4.V5.Lib\Tyuiu.OgorodnikDV.Sprint6.Task4.V5.Lib.csproj", "{396F51B7-16A3-429D-ADD8-D0E418701786}"
EndProject
Project("{9A19103F-16F7-4668-BE54-9A1E7A4F7556}") = "Tyuiu.OgorodnikDV.Sprint6.Task4.V5.Test", "Tyuiu.OgorodnikDV.Sprint6.Task4.V5.Test\Tyuiu.OgorodnikDV.Sprint6.Task4.V5.Test.csproj", "{D6BE20EF-B6A0-487D-A4D9-A5B9A37A5DD3}"
EndProject
Project("{9A19103F-16F7-4668-BE54-9A1E7A4F7556}") = "Tyuiu.OgorodnikDV.Sprint6.Task4.V5", "Tyuiu.OgorodnikDV.Sprint6.Task4.V5\Tyuiu.OgorodnikDV.Sprint6.Task4.V5.csproj", "{DB3C523D-9D13-49A4-B20B-4BCA6D49DF57}"
EndProject
Project("{2150E333-8FDC-42A3-9474-1A3956D46DE8}") = "Task5", "Task5", "{784CC83E-E078-4919-910F-13953B756F34}"
EndProject
Project("{FAE04EC0-301F-11D3-BF4B-00C04F79EFBC}") = "Tyuiu.OgorodnikDV.Sprint6.Task5.V3.Lib", "Tyuiu.OgorodnikDV.Sprint6.Task5.V3.Lib\Tyuiu.OgorodnikDV.Sprint6.Task5.V3.Lib.csproj", "{F475B55A-AC3B-4A43-A374-9ACDFD95799E}"
EndProject
Project("{FAE04EC0-301F-11D3-BF4B-00C04F79EFBC}") = "Tyuiu.OgorodnikDV.Sprint6.Task5.V3.Test", "Tyuiu.OgorodnikDV.Sprint6.Task5.V3.Test\Tyuiu.OgorodnikDV.Sprint6.Task5.V3.Test.csproj", "{F3A2B64D-5A51-4FCB-A841-4575DE25FF85}"
EndProject
Project("{FAE04EC0-301F-11D3-BF4B-00C04F79EFBC}") = "Tyuiu.OgorodnikDV.Sprint6.Task5.V3", "Tyuiu.OgorodnikDV.Sprint6.Task5.V3\Tyuiu.OgorodnikDV.Sprint6.Task5.V3.csproj", "{7136C34A-1780-428E-8BC7-0C996F066769}"
EndProject
Project("{2150E333-8FDC-42A3-9474-1A3956D46DE8}") = "Task6", "Task6", "{22443B29-4BE5-46B1-B001-D5070E5347D7}"
EndProject
Project("{FAE04EC0-301F-11D3-BF4B-00C04F79EFBC}") = "Tyuiu.OgorodnikDV.Sprint6.Task6.V26.Lib", "Tyuiu.OgorodnikDV.Sprint6.Task6.V26.Lib\Tyuiu.OgorodnikDV.Sprint6.Task6.V26.Lib.csproj", "{C4B256F1-08B6-4F03-A71C-4EE3E5A43C27}"
EndProject
Project("{FAE04EC0-301F-11D3-BF4B-00C04F79EFBC}") = "Tyuiu.OgorodnikDV.Sprint6.Task6.V26.Test", "Tyuiu.OgorodnikDV.Sprint6.Task6.V26.Test\Tyuiu.OgorodnikDV.Sprint6.Task6.V26.Test.csproj", "{C1D7604D-0896-43EE-AEC4-E937F331F290}"
EndProject
Project("{FAE04EC0-301F-11D3-BF4B-00C04F79EFBC}") = "Tyuiu.OgorodnikDV.Sprint6.Task6.V26", "Tyuiu.OgorodnikDV.Sprint6.Task6.V26\Tyuiu.OgorodnikDV.Sprint6.Task6.V26.csproj", "{C3E2A90B-5CA2-425D-BDE3-A63AD622C16C}"
EndProject
Global
	GlobalSection(SolutionConfigurationPlatforms) = preSolution
		Debug|Any CPU = Debug|Any CPU
		Release|Any CPU = Release|Any CPU
	EndGlobalSection
	GlobalSection(ProjectConfigurationPlatforms) = postSolution
		{1B5791F9-B110-4F82-8183-AF599B89A997}.Debug|Any CPU.ActiveCfg = Debug|Any CPU
		{1B5791F9-B110-4F82-8183-AF599B89A997}.Debug|Any CPU.Build.0 = Debug|Any CPU
		{1B5791F9-B110-4F82-8183-AF599B89A997}.Release|Any CPU.ActiveCfg = Release|Any CPU
		{1B5791F9-B110-4F82-8183-AF599B89A997}.Release|Any CPU.Build.0 = Release|Any CPU
		{4EEE243A-9661-4EC1-9522-106E1068B8CF}.Debug|Any CPU.ActiveCfg = Debug|Any CPU
		{4EEE243A-9661-4EC1-9522-106E1068B8CF}.Debug|Any CPU.Build.0 = Debug|Any CPU
		{4EEE243A-9661-4EC1-9522-106E1068B8CF}.Release|Any CPU.ActiveCfg = Release|Any CPU
		{4EEE243A-9661-4EC1-9522-106E1068B8CF}.Release|Any CPU.Build.0 = Release|Any CPU
		{6C294CBF-96B0-40AB-903E-C883000346A9}.Debug|Any CPU.ActiveCfg = Debug|Any CPU
		{6C294CBF-96B0-40AB-903E-C883000346A9}.Debug|Any CPU.Build.0 = Debug|Any CPU
		{6C294CBF-96B0-40AB-903E-C883000346A9}.Release|Any CPU.ActiveCfg = Release|Any CPU
		{6C294CBF-96B0-40AB-903E-C883000346A9}.Release|Any CPU.Build.0 = Release|Any CPU
		{A3127868-8071-4B12-93E5-82C7E4D7CA6D}.Debug|Any CPU.ActiveCfg = Debug|Any CPU
		{A3127868-8071-4B12-93E5-82C7E4D7CA6D}.Debug|Any CPU.Build.0 = Debug|Any CPU
		{A3127868-8071-4B12-93E5-82C7E4D7CA6D}.Release|Any CPU.ActiveCfg = Release|Any CPU
		{A3127868-8071-4B12-93E5-82C7E4D7CA6D}.Release|Any CPU.Build.0 = Release|Any CPU
		{65E8268B-B6A5-46BF-819D-BA68BD194AA0}.Debug|Any CPU.ActiveCfg = Debug|Any CPU
		{65E8268B-B6A5-46BF-819D-BA68BD194AA0}.Debug|Any CPU.Build.0 = Debug|Any CPU
		{65E8268B-B6A5-46BF-819D-BA68BD194AA0}.Release|Any CPU.ActiveCfg = Release|Any CPU
		{65E8268B-B6A5-46BF-819D-BA68BD194AA0}.Release|Any CPU.Build.0 = Release|Any CPU
		{5013AD81-FF1B-467B-9015-929C93B3BB8E}.Debug|Any CPU.ActiveCfg = Debug|Any CPU
		{5013AD81-FF1B-467B-9015-929C93B3BB8E}.Debug|Any CPU.Build.0 = Debug|Any CPU
		{5013AD81-FF1B-467B-9015-929C93B3BB8E}.Release|Any CPU.ActiveCfg = Release|Any CPU
		{5013AD81-FF1B-467B-9015-929C93B3BB8E}.Release|Any CPU.Build.0 = Release|Any CPU
		{3FCF951F-E746-4A6A-B19A-28F4CF7A235E}.Debug|Any CPU.ActiveCfg = Debug|Any CPU
		{3FCF951F-E746-4A6A-B19A-28F4CF7A235E}.Debug|Any CPU.Build.0 = Debug|Any CPU
		{3FCF951F-E746-4A6A-B19A-28F4CF7A235E}.Release|Any CPU.ActiveCfg = Release|Any CPU
		{3FCF951F-E746-4A6A-B19A-28F4CF7A235E}.Release|Any CPU.Build.0 = Release|Any CPU
		{7D02CB59-859D-400F-A48F-D7174AC6477F}.Debug|Any CPU.ActiveCfg = Debug|Any CPU
		{7D02CB59-859D-400F-A48F-D7174AC6477F}.Debug|Any CPU.Build.0 = Debug|Any CPU
		{7D02CB59-859D-400F-A48F-D7174AC6477F}.Release|Any CPU.ActiveCfg = Release|Any CPU
		{7D02CB59-859D-400F-A48F-D7174AC6477F}.Release|Any CPU.Build.0 = Release|Any CPU
		{1C172DE8-BDB8-42B0-9158-10B5DF3C1699}.Debug|Any CPU.ActiveCfg = Debug|Any CPU
		{1C172DE8-BDB8-42B0-9158-10B5DF3C1699}.Debug|Any CPU.Build.0 = Debug|Any CPU
		{1C172DE8-BDB8-42B0-9158-10B5DF3C1699}.Release|Any CPU.ActiveCfg = Release|Any CPU
		{1C172DE8-BDB8-42B0-9158-10B5DF3C1699}.Release|Any CPU.Build.0 = Release|Any CPU
		{4E5DC54F-164A-4BFD-8099-24A4E8D0E0EF}.Debug|Any CPU.ActiveCfg = Debug|Any CPU
		{4E5DC54F-164A-4BFD-8099-24A4E8D0E0EF}.Debug|Any CPU.Build.0 = Debug|Any CPU
		{4E5DC54F-164A-4BFD-8099-24A4E8D0E0EF}.Release|Any CPU.ActiveCfg = Release|Any CPU
		{4E5DC54F-164A-4BFD-8099-24A4E8D0E0EF}.Release|Any CPU.Build.0 = Release|Any CPU
		{A92B16BE-B251-455D-A047-CDACF7336A90}.Debug|Any CPU.ActiveCfg = Debug|Any CPU
		{A92B16BE-B251-455D-A047-CDACF7336A90}.Debug|Any CPU.Build.0 = Debug|Any CPU
		{A92B16BE-B251-455D-A047-CDACF7336A90}.Release|Any CPU.ActiveCfg = Release|Any CPU
		{A92B16BE-B251-455D-A047-CDACF7336A90}.Release|Any CPU.Build.0 = Release|Any CPU
		{31DDD043-F021-446B-96D9-3B20116AF156}.Debug|Any CPU.ActiveCfg = Debug|Any CPU
		{31DDD043-F021-446B-96D9-3B20116AF156}.Debug|Any CPU.Build.0 = Debug|Any CPU
		{31DDD043-F021-446B-96D9-3B20116AF156}.Release|Any CPU.ActiveCfg = Release|Any CPU
		{31DDD043-F021-446B-96D9-3B20116AF156}.Release|Any CPU.Build.0 = Release|Any CPU
		{396F51B7-16A3-429D-ADD8-D0E418701786}.Debug|Any CPU.ActiveCfg = Debug|Any CPU
		{396F51B7-16A3-429D-ADD8-D0E418701786}.Debug|Any CPU.Build.0 = Debug|Any CPU
		{396F51B7-16A3-429D-ADD8-D0E418701786}.Release|Any CPU.ActiveCfg = Release|Any CPU
		{396F51B7-16A3-429D-ADD8-D0E418701786}.Release|Any CPU.Build.0 = Release|Any CPU
		{D6BE20EF-B6A0-487D-A4D9-A5B9A37A5DD3}.Debug|Any CPU.ActiveCfg = Debug|Any CPU
		{D6BE20EF-B6A0-487D-A4D9-A5B9A37A5DD3}.Debug|Any CPU.Build.0 = Debug|Any CPU
		{D6BE20EF-B6A0-487D-A4D9-A5B9A37A5DD3}.Release|Any CPU.ActiveCfg = Release|Any CPU
		{D6BE20EF-B6A0-487D-A4D9-A5B9A37A5DD3}.Release|Any CPU.Build.0 = Release|Any CPU
		{DB3C523D-9D13-49A4-B20B-4BCA6D49DF57}.Debug|Any CPU.ActiveCfg = Debug|Any CPU
		{DB3C523D-9D13-49A4-B20B-4BCA6D49DF57}.Debug|Any CPU.Build.0 = Debug|Any CPU
		{DB3C523D-9D13-49A4-B20B-4BCA6D49DF57}.Release|Any CPU.ActiveCfg = Release|Any CPU
		{DB3C523D-9D13-49A4-B20B-4BCA6D49DF57}.Release|Any CPU.Build.0 = Release|Any CPU
		{F475B55A-AC3B-4A43-A374-9ACDFD95799E}.Debug|Any CPU.ActiveCfg = Debug|Any CPU
		{F475B55A-AC3B-4A43-A374-9ACDFD95799E}.Debug|Any CPU.Build.0 = Debug|Any CPU
		{F475B55A-AC3B-4A43-A374-9ACDFD95799E}.Release|Any CPU.ActiveCfg = Release|Any CPU
		{F475B55A-AC3B-4A43-A374-9ACDFD95799E}.Release|Any CPU.Build.0 = Release|Any CPU
		{F3A2B64D-5A51-4FCB-A841-4575DE25FF85}.Debug|Any CPU.ActiveCfg = Debug|Any CPU
		{F3A2B64D-5A51-4FCB-A841-4575DE25FF85}.Debug|Any CPU.Build.0 = Debug|Any CPU
		{F3A2B64D-5A51-4FCB-A841-4575DE25FF85}.Release|Any CPU.ActiveCfg = Release|Any CPU
		{F3A2B64D-5A51-4FCB-A841-4575DE25FF85}.Release|Any CPU.Build.0 = Release|Any CPU
		{7136C34A-1780-428E-8BC7-0C996F066769}.Debug|Any CPU.ActiveCfg = Debug|Any CPU
		{7136C34A-1780-428E-8BC7-0C996F066769}.Debug|Any CPU.Build.0 = Debug|Any CPU
		{7136C34A-1780-428E-8BC7-0C996F066769}.Release|Any CPU.ActiveCfg = Release|Any CPU
		{7136C34A-1780-428E-8BC7-0C996F066769}.Release|Any CPU.Build.0 = Release|Any CPU
		{C4B256F1-08B6-4F03-A71C-4EE3E5A43C27}.Debug|Any CPU.ActiveCfg = Debug|Any CPU
		{C4B256F1-08B6-4F03-A71C-4EE3E5A43C27}.Debug|Any CPU.Build.0 = Debug|Any CPU
		{C4B256F1-08B6-4F03-A71C-4EE3E5A43C27}.Release|Any CPU.ActiveCfg = Release|Any CPU
		{C4B256F1-08B6-4F03-A71C-4EE3E5A43C27}.Release|Any CPU.Build.0 = Release|Any CPU
		{C1D7604D-0896-43EE-AEC4-E937F331F290}.Debug|Any CPU.ActiveCfg = Debug|Any CPU
		{C1D7604D-0896-43EE-AEC4-E937F331F290}.Debug|Any CPU.Build.0 = Debug|Any CPU
		{C1D7604D-0896-43EE-AEC4-E937F331F290}.Release|Any CPU.ActiveCfg = Release|Any CPU
		{C1D7604D-0896-43EE-AEC4-E937F331F290}.Release|Any CPU.Build.0 = Release|Any CPU
		{C3E2A90B-5CA2-425D-BDE3-A63AD622C16C}.Debug|Any CPU.ActiveCfg = Debug|Any CPU
		{C3E2A90B-5CA2-425D-BDE3-A63AD622C16C}.Debug|Any CPU.Build.0 = Debug|Any CPU
		{C3E2A90B-5CA2-425D-BDE3-A63AD622C16C}.Release|Any CPU.ActiveCfg = Release|Any CPU
		{C3E2A90B-5CA2-425D-BDE3-A63AD622C16C}.Release|Any CPU.Build.0 = Release|Any CPU
	EndGlobalSection
	GlobalSection(SolutionProperties) = preSolution
		HideSolutionNode = FALSE
	EndGlobalSection
	GlobalSection(NestedProjects) = preSolution
		{1B5791F9-B110-4F82-8183-AF599B89A997} = {A76CB22A-28D3-4076-9B95-2338968B585B}
		{4EEE243A-9661-4EC1-9522-106E1068B8CF} = {A76CB22A-28D3-4076-9B95-2338968B585B}
		{6C294CBF-96B0-40AB-903E-C883000346A9} = {A76CB22A-28D3-4076-9B95-2338968B585B}
		{A3127868-8071-4B12-93E5-82C7E4D7CA6D} = {17CAC13D-80D0-4144-9EDA-0126B97488FA}
		{65E8268B-B6A5-46BF-819D-BA68BD194AA0} = {17CAC13D-80D0-4144-9EDA-0126B97488FA}
		{5013AD81-FF1B-467B-9015-929C93B3BB8E} = {17CAC13D-80D0-4144-9EDA-0126B97488FA}
		{3FCF951F-E746-4A6A-B19A-28F4CF7A235E} = {AD927D34-7417-4675-87CC-48BF363A6B1B}
		{7D02CB59-859D-400F-A48F-D7174AC6477F} = {AD927D34-7417-4675-87CC-48BF363A6B1B}
		{1C172DE8-BDB8-42B0-9158-10B5DF3C1699} = {AD927D34-7417-4675-87CC-48BF363A6B1B}
		{4E5DC54F-164A-4BFD-8099-24A4E8D0E0EF} = {4811E7DF-F1DA-459E-9639-81A9F2E85654}
		{A92B16BE-B251-455D-A047-CDACF7336A90} = {4811E7DF-F1DA-459E-9639-81A9F2E85654}
		{31DDD043-F021-446B-96D9-3B20116AF156} = {4811E7DF-F1DA-459E-9639-81A9F2E85654}
		{396F51B7-16A3-429D-ADD8-D0E418701786} = {3D44C98D-0B9A-415E-8493-802052DAE2A2}
		{D6BE20EF-B6A0-487D-A4D9-A5B9A37A5DD3} = {3D44C98D-0B9A-415E-8493-802052DAE2A2}
		{DB3C523D-9D13-49A4-B20B-4BCA6D49DF57} = {3D44C98D-0B9A-415E-8493-802052DAE2A2}
		{F475B55A-AC3B-4A43-A374-9ACDFD95799E} = {784CC83E-E078-4919-910F-13953B756F34}
		{F3A2B64D-5A51-4FCB-A841-4575DE25FF85} = {784CC83E-E078-4919-910F-13953B756F34}
		{7136C34A-1780-428E-8BC7-0C996F066769} = {784CC83E-E078-4919-910F-13953B756F34}
		{C4B256F1-08B6-4F03-A71C-4EE3E5A43C27} = {22443B29-4BE5-46B1-B001-D5070E5347D7}
		{C1D7604D-0896-43EE-AEC4-E937F331F290} = {22443B29-4BE5-46B1-B001-D5070E5347D7}
		{C3E2A90B-5CA2-425D-BDE3-A63AD622C16C} = {22443B29-4BE5-46B1-B001-D5070E5347D7}
	EndGlobalSection
	GlobalSection(ExtensibilityGlobals) = postSolution
		SolutionGuid = {FAFEB02B-8576-4DB3-9779-D2ED4490D0A6}
	EndGlobalSection
EndGlobal
